
Microsoft Visual Studio Solution File, Format Version 12.00
# Visual Studio Version 16
VisualStudioVersion = 16.0.30309.148
MinimumVisualStudioVersion = 10.0.40219.1
Project("{FAE04EC0-301F-11D3-BF4B-00C04F79EFBC}") = "AbstractFactory", "AbstractFactory\AbstractFactory.csproj", "{B328A6FE-799D-478A-AFBB-6A2DAC8DC4DB}"
EndProject
Global
	GlobalSection(SolutionConfigurationPlatforms) = preSolution
		Debug|Any CPU = Debug|Any CPU
		Release|Any CPU = Release|Any CPU
	EndGlobalSection
	GlobalSection(ProjectConfigurationPlatforms) = postSolution
		{B328A6FE-799D-478A-AFBB-6A2DAC8DC4DB}.Debug|Any CPU.ActiveCfg = Debug|Any CPU
		{B328A6FE-799D-478A-AFBB-6A2DAC8DC4DB}.Debug|Any CPU.Build.0 = Debug|Any CPU
		{B328A6FE-799D-478A-AFBB-6A2DAC8DC4DB}.Release|Any CPU.ActiveCfg = Release|Any CPU
		{B328A6FE-799D-478A-AFBB-6A2DAC8DC4DB}.Release|Any CPU.Build.0 = Release|Any CPU
	EndGlobalSection
	GlobalSection(SolutionProperties) = preSolution
		HideSolutionNode = FALSE
	EndGlobalSection
	GlobalSection(ExtensibilityGlobals) = postSolution
		SolutionGuid = {D3DDC6E7-7789-4A9C-A2BA-46AE88DD2923}
	EndGlobalSection
EndGlobal
